
Microsoft Visual Studio Solution File, Format Version 12.00
# Visual Studio Version 16
VisualStudioVersion = 16.0.29418.71
MinimumVisualStudioVersion = 10.0.40219.1
Project("{8BC9CEB8-8B4A-11D0-8D11-00A0C91BC942}") = "SDFMod", "source\SDFMod.vcxproj", "{D2938346-D11B-4AD5-A85F-4D157E651E2C}"
EndProject
Project("{2150E333-8FDC-42A3-9474-1A3956D46DE8}") = "external", "external", "{E0F22BA1-F77B-48B3-A2E3-4C5DCA426776}"
EndProject
Project("{8BC9CEB8-8B4A-11D0-8D11-00A0C91BC942}") = "glfw", "external\glfw\glfw.vcxproj", "{7DA3FE60-72F4-488F-9850-3BB7E1709163}"
EndProject
Project("{8BC9CEB8-8B4A-11D0-8D11-00A0C91BC942}") = "glslang", "external\glslang\glslang.vcxproj", "{080D2A16-9EDF-3CCA-A46E-F38A3F968062}"
EndProject
Project("{8BC9CEB8-8B4A-11D0-8D11-00A0C91BC942}") = "HLSL", "external\glslang\HLSL.vcxproj", "{671F5D95-6DC1-3742-921E-34901447D923}"
EndProject
Project("{8BC9CEB8-8B4A-11D0-8D11-00A0C91BC942}") = "OGLCompiler", "external\glslang\OGLCompiler.vcxproj", "{691EA4C0-CB82-3839-83C6-0C527F642BAC}"
EndProject
Project("{8BC9CEB8-8B4A-11D0-8D11-00A0C91BC942}") = "SPIRV", "external\glslang\SPIRV.vcxproj", "{7C0B3059-DE09-3D8A-8B5E-D46806EC86C3}"
EndProject
Project("{2150E333-8FDC-42A3-9474-1A3956D46DE8}") = "tools", "tools", "{EE4DF649-60D7-49D2-813F-A94A3DB58151}"
EndProject
Project("{8BC9CEB8-8B4A-11D0-8D11-00A0C91BC942}") = "GLSLCompiler", "tools\GLSLToC\GLSLToC.vcxproj", "{0D730639-2995-4602-A55A-53EA860FAD21}"
EndProject
Global
	GlobalSection(SolutionConfigurationPlatforms) = preSolution
		Debug|x64 = Debug|x64
		Release|x64 = Release|x64
	EndGlobalSection
	GlobalSection(ProjectConfigurationPlatforms) = postSolution
		{D2938346-D11B-4AD5-A85F-4D157E651E2C}.Debug|x64.ActiveCfg = Debug|x64
		{D2938346-D11B-4AD5-A85F-4D157E651E2C}.Debug|x64.Build.0 = Debug|x64
		{D2938346-D11B-4AD5-A85F-4D157E651E2C}.Release|x64.ActiveCfg = Release|x64
		{D2938346-D11B-4AD5-A85F-4D157E651E2C}.Release|x64.Build.0 = Release|x64
		{7DA3FE60-72F4-488F-9850-3BB7E1709163}.Debug|x64.ActiveCfg = Debug|x64
		{7DA3FE60-72F4-488F-9850-3BB7E1709163}.Debug|x64.Build.0 = Debug|x64
		{7DA3FE60-72F4-488F-9850-3BB7E1709163}.Release|x64.ActiveCfg = Release|x64
		{7DA3FE60-72F4-488F-9850-3BB7E1709163}.Release|x64.Build.0 = Release|x64
		{080D2A16-9EDF-3CCA-A46E-F38A3F968062}.Debug|x64.ActiveCfg = Debug|x64
		{080D2A16-9EDF-3CCA-A46E-F38A3F968062}.Debug|x64.Build.0 = Debug|x64
		{080D2A16-9EDF-3CCA-A46E-F38A3F968062}.Release|x64.ActiveCfg = Release|x64
		{080D2A16-9EDF-3CCA-A46E-F38A3F968062}.Release|x64.Build.0 = Release|x64
		{671F5D95-6DC1-3742-921E-34901447D923}.Debug|x64.ActiveCfg = Debug|x64
		{671F5D95-6DC1-3742-921E-34901447D923}.Debug|x64.Build.0 = Debug|x64
		{671F5D95-6DC1-3742-921E-34901447D923}.Release|x64.ActiveCfg = Release|x64
		{671F5D95-6DC1-3742-921E-34901447D923}.Release|x64.Build.0 = Release|x64
		{691EA4C0-CB82-3839-83C6-0C527F642BAC}.Debug|x64.ActiveCfg = Debug|x64
		{691EA4C0-CB82-3839-83C6-0C527F642BAC}.Debug|x64.Build.0 = Debug|x64
		{691EA4C0-CB82-3839-83C6-0C527F642BAC}.Release|x64.ActiveCfg = Release|x64
		{691EA4C0-CB82-3839-83C6-0C527F642BAC}.Release|x64.Build.0 = Release|x64
		{7C0B3059-DE09-3D8A-8B5E-D46806EC86C3}.Debug|x64.ActiveCfg = Debug|x64
		{7C0B3059-DE09-3D8A-8B5E-D46806EC86C3}.Debug|x64.Build.0 = Debug|x64
		{7C0B3059-DE09-3D8A-8B5E-D46806EC86C3}.Release|x64.ActiveCfg = Release|x64
		{7C0B3059-DE09-3D8A-8B5E-D46806EC86C3}.Release|x64.Build.0 = Release|x64
		{0D730639-2995-4602-A55A-53EA860FAD21}.Debug|x64.ActiveCfg = Debug|x64
		{0D730639-2995-4602-A55A-53EA860FAD21}.Debug|x64.Build.0 = Debug|x64
		{0D730639-2995-4602-A55A-53EA860FAD21}.Release|x64.ActiveCfg = Release|x64
		{0D730639-2995-4602-A55A-53EA860FAD21}.Release|x64.Build.0 = Release|x64
	EndGlobalSection
	GlobalSection(SolutionProperties) = preSolution
		HideSolutionNode = FALSE
	EndGlobalSection
	GlobalSection(NestedProjects) = preSolution
		{7DA3FE60-72F4-488F-9850-3BB7E1709163} = {E0F22BA1-F77B-48B3-A2E3-4C5DCA426776}
		{080D2A16-9EDF-3CCA-A46E-F38A3F968062} = {E0F22BA1-F77B-48B3-A2E3-4C5DCA426776}
		{671F5D95-6DC1-3742-921E-34901447D923} = {E0F22BA1-F77B-48B3-A2E3-4C5DCA426776}
		{691EA4C0-CB82-3839-83C6-0C527F642BAC} = {E0F22BA1-F77B-48B3-A2E3-4C5DCA426776}
		{7C0B3059-DE09-3D8A-8B5E-D46806EC86C3} = {E0F22BA1-F77B-48B3-A2E3-4C5DCA426776}
		{0D730639-2995-4602-A55A-53EA860FAD21} = {EE4DF649-60D7-49D2-813F-A94A3DB58151}
	EndGlobalSection
	GlobalSection(ExtensibilityGlobals) = postSolution
		SolutionGuid = {D9FC6D0C-6BAD-4C7A-8341-34E39777EF03}
	EndGlobalSection
EndGlobal
